
Microsoft Visual Studio Solution File, Format Version 12.00
# Visual Studio 15
VisualStudioVersion = 15.0.28307.902
MinimumVisualStudioVersion = 10.0.40219.1
Project("{FAE04EC0-301F-11D3-BF4B-00C04F79EFBC}") = "DominioBolillero", "DominioBolillero\DominioBolillero.csproj", "{4775AA82-579B-4AF3-911B-8027047E2A9C}"
EndProject
Global
	GlobalSection(SolutionConfigurationPlatforms) = preSolution
		Debug|Any CPU = Debug|Any CPU
		Release|Any CPU = Release|Any CPU
	EndGlobalSection
	GlobalSection(ProjectConfigurationPlatforms) = postSolution
		{4775AA82-579B-4AF3-911B-8027047E2A9C}.Debug|Any CPU.ActiveCfg = Debug|Any CPU
		{4775AA82-579B-4AF3-911B-8027047E2A9C}.Debug|Any CPU.Build.0 = Debug|Any CPU
		{4775AA82-579B-4AF3-911B-8027047E2A9C}.Release|Any CPU.ActiveCfg = Release|Any CPU
		{4775AA82-579B-4AF3-911B-8027047E2A9C}.Release|Any CPU.Build.0 = Release|Any CPU
	EndGlobalSection
	GlobalSection(SolutionProperties) = preSolution
		HideSolutionNode = FALSE
	EndGlobalSection
	GlobalSection(ExtensibilityGlobals) = postSolution
		SolutionGuid = {2E5AEAF6-29BF-4996-9FCD-C8C2A58C1A46}
	EndGlobalSection
EndGlobal
